
Microsoft Visual Studio Solution File, Format Version 12.00
# Visual Studio Version 16
VisualStudioVersion = 16.0.34031.81
MinimumVisualStudioVersion = 10.0.40219.1
Project("{2150E333-8FDC-42A3-9474-1A3956D46DE8}") = "Task0", "Task0", "{D2D6783F-78BE-41F5-BBF6-D8114AB84550}"
EndProject
Project("{FAE04EC0-301F-11D3-BF4B-00C04F79EFBC}") = "Tyuiu.ChebulaevAG.Sprint3.Task0.V14", "Tyuiu.ChebulaevAG.Sprint3.Task0.V14\Tyuiu.ChebulaevAG.Sprint3.Task0.V14.csproj", "{CEC155A2-3889-4097-A0E4-A4693A2FE198}"
EndProject
Project("{FAE04EC0-301F-11D3-BF4B-00C04F79EFBC}") = "Tyuiu.ChebulaevAG.Sprint3.Task0.V14.Lib", "Tyuiu.ChebulaevAG.Sprint3.Task0.V14.Lib\Tyuiu.ChebulaevAG.Sprint3.Task0.V14.Lib.csproj", "{63F507D8-1944-434C-8B37-A7C30743C2A1}"
EndProject
Project("{FAE04EC0-301F-11D3-BF4B-00C04F79EFBC}") = "Tyuiu.ChebulaevAG.Sprint3.Task0.V14.Test", "Tyuiu.ChebulaevAG.Sprint3.Task0.V14.Test\Tyuiu.ChebulaevAG.Sprint3.Task0.V14.Test.csproj", "{9D5CF806-7483-4556-A9A0-A5A44D5D108A}"
EndProject
Project("{2150E333-8FDC-42A3-9474-1A3956D46DE8}") = "Task1", "Task1", "{0B1AB16F-1821-4DF4-833F-394BB1386D94}"
EndProject
Project("{FAE04EC0-301F-11D3-BF4B-00C04F79EFBC}") = "Tyuiu.ChebulaevAG.Sprint3.Task1.V11", "Tyuiu.ChebulaevAG.Sprint3.Task1.V11\Tyuiu.ChebulaevAG.Sprint3.Task1.V11.csproj", "{970AAF95-2C56-4FCF-B849-EE4909E0FBF5}"
EndProject
Project("{FAE04EC0-301F-11D3-BF4B-00C04F79EFBC}") = "Tyuiu.ChebulaevAG.Sprint3.Task1.V11.Lib", "Tyuiu.ChebulaevAG.Sprint3.Task1.V11.Lib\Tyuiu.ChebulaevAG.Sprint3.Task1.V11.Lib.csproj", "{985AD13D-075A-4353-9F5A-6FC7E1A9484B}"
EndProject
Project("{FAE04EC0-301F-11D3-BF4B-00C04F79EFBC}") = "Tyuiu.ChebulaevAG.Sprint3.Task1.V11.Test", "Tyuiu.ChebulaevAG.Sprint3.Task1.V11.Test\Tyuiu.ChebulaevAG.Sprint3.Task1.V11.Test.csproj", "{87857D63-0578-4047-9D32-D2EA61A3749B}"
EndProject
Project("{FAE04EC0-301F-11D3-BF4B-00C04F79EFBC}") = "Tyuiu.ChebulaevAG.Sprint3.Task2.V14", "Tyuiu.ChebulaevAG.Sprint3.Task2.V14\Tyuiu.ChebulaevAG.Sprint3.Task2.V14.csproj", "{76D482C3-8A73-4C13-AC4F-CAF841DE292D}"
EndProject
Project("{FAE04EC0-301F-11D3-BF4B-00C04F79EFBC}") = "Tyuiu.ChebulaevAG.Sprint3.Task2.V14.Lib", "Tyuiu.ChebulaevAG.Sprint3.Task2.V14.Lib\Tyuiu.ChebulaevAG.Sprint3.Task2.V14.Lib.csproj", "{3A3976B5-9F4A-4302-B40C-9534964E8987}"
EndProject
Project("{2150E333-8FDC-42A3-9474-1A3956D46DE8}") = "Task2", "Task2", "{49734C47-D47F-4234-8762-482743354610}"
EndProject
Project("{FAE04EC0-301F-11D3-BF4B-00C04F79EFBC}") = "Tyuiu.ChebulaevAG.Sprint3.Task2.V14.Test", "Tyuiu.ChebulaevAG.Sprint3.Task2.V14.Test\Tyuiu.ChebulaevAG.Sprint3.Task2.V14.Test.csproj", "{A4D1EB5A-6270-4BE5-96DD-131EBDABBAB3}"
EndProject
Project("{2150E333-8FDC-42A3-9474-1A3956D46DE8}") = "Task3", "Task3", "{CD1BD934-192E-45C2-8CA3-7A622DD5CAD8}"
EndProject
Project("{FAE04EC0-301F-11D3-BF4B-00C04F79EFBC}") = "Tyuiu.ChebulaevAG.Sprint3.Task3.V8", "Tyuiu.ChebulaevAG.Sprint3.Task3.V8\Tyuiu.ChebulaevAG.Sprint3.Task3.V8.csproj", "{67E4C71A-FBF1-45FF-872E-4FE0734C82C5}"
EndProject
Project("{FAE04EC0-301F-11D3-BF4B-00C04F79EFBC}") = "Tyuiu.ChebulaevAG.Sprint3.Task3.V8.Lib", "Tyuiu.ChebulaevAG.Sprint3.Task3.V8.Lib\Tyuiu.ChebulaevAG.Sprint3.Task3.V8.Lib.csproj", "{9CF277C1-DB5A-4C40-A358-2405BA7D65CA}"
EndProject
Project("{FAE04EC0-301F-11D3-BF4B-00C04F79EFBC}") = "Tyuiu.ChebulaevAG.Sprint3.Task3.V8.Test", "Tyuiu.ChebulaevAG.Sprint3.Task3.V8.Test\Tyuiu.ChebulaevAG.Sprint3.Task3.V8.Test.csproj", "{813B97A6-6FB5-44BC-BB90-DEF1916563F7}"
EndProject
Global
	GlobalSection(SolutionConfigurationPlatforms) = preSolution
		Debug|Any CPU = Debug|Any CPU
		Release|Any CPU = Release|Any CPU
	EndGlobalSection
	GlobalSection(ProjectConfigurationPlatforms) = postSolution
		{CEC155A2-3889-4097-A0E4-A4693A2FE198}.Debug|Any CPU.ActiveCfg = Debug|Any CPU
		{CEC155A2-3889-4097-A0E4-A4693A2FE198}.Debug|Any CPU.Build.0 = Debug|Any CPU
		{CEC155A2-3889-4097-A0E4-A4693A2FE198}.Release|Any CPU.ActiveCfg = Release|Any CPU
		{CEC155A2-3889-4097-A0E4-A4693A2FE198}.Release|Any CPU.Build.0 = Release|Any CPU
		{63F507D8-1944-434C-8B37-A7C30743C2A1}.Debug|Any CPU.ActiveCfg = Debug|Any CPU
		{63F507D8-1944-434C-8B37-A7C30743C2A1}.Debug|Any CPU.Build.0 = Debug|Any CPU
		{63F507D8-1944-434C-8B37-A7C30743C2A1}.Release|Any CPU.ActiveCfg = Release|Any CPU
		{63F507D8-1944-434C-8B37-A7C30743C2A1}.Release|Any CPU.Build.0 = Release|Any CPU
		{9D5CF806-7483-4556-A9A0-A5A44D5D108A}.Debug|Any CPU.ActiveCfg = Debug|Any CPU
		{9D5CF806-7483-4556-A9A0-A5A44D5D108A}.Debug|Any CPU.Build.0 = Debug|Any CPU
		{9D5CF806-7483-4556-A9A0-A5A44D5D108A}.Release|Any CPU.ActiveCfg = Release|Any CPU
		{9D5CF806-7483-4556-A9A0-A5A44D5D108A}.Release|Any CPU.Build.0 = Release|Any CPU
		{970AAF95-2C56-4FCF-B849-EE4909E0FBF5}.Debug|Any CPU.ActiveCfg = Debug|Any CPU
		{970AAF95-2C56-4FCF-B849-EE4909E0FBF5}.Debug|Any CPU.Build.0 = Debug|Any CPU
		{970AAF95-2C56-4FCF-B849-EE4909E0FBF5}.Release|Any CPU.ActiveCfg = Release|Any CPU
		{970AAF95-2C56-4FCF-B849-EE4909E0FBF5}.Release|Any CPU.Build.0 = Release|Any CPU
		{985AD13D-075A-4353-9F5A-6FC7E1A9484B}.Debug|Any CPU.ActiveCfg = Debug|Any CPU
		{985AD13D-075A-4353-9F5A-6FC7E1A9484B}.Debug|Any CPU.Build.0 = Debug|Any CPU
		{985AD13D-075A-4353-9F5A-6FC7E1A9484B}.Release|Any CPU.ActiveCfg = Release|Any CPU
		{985AD13D-075A-4353-9F5A-6FC7E1A9484B}.Release|Any CPU.Build.0 = Release|Any CPU
		{87857D63-0578-4047-9D32-D2EA61A3749B}.Debug|Any CPU.ActiveCfg = Debug|Any CPU
		{87857D63-0578-4047-9D32-D2EA61A3749B}.Debug|Any CPU.Build.0 = Debug|Any CPU
		{87857D63-0578-4047-9D32-D2EA61A3749B}.Release|Any CPU.ActiveCfg = Release|Any CPU
		{87857D63-0578-4047-9D32-D2EA61A3749B}.Release|Any CPU.Build.0 = Release|Any CPU
		{76D482C3-8A73-4C13-AC4F-CAF841DE292D}.Debug|Any CPU.ActiveCfg = Debug|Any CPU
		{76D482C3-8A73-4C13-AC4F-CAF841DE292D}.Debug|Any CPU.Build.0 = Debug|Any CPU
		{76D482C3-8A73-4C13-AC4F-CAF841DE292D}.Release|Any CPU.ActiveCfg = Release|Any CPU
		{76D482C3-8A73-4C13-AC4F-CAF841DE292D}.Release|Any CPU.Build.0 = Release|Any CPU
		{3A3976B5-9F4A-4302-B40C-9534964E8987}.Debug|Any CPU.ActiveCfg = Debug|Any CPU
		{3A3976B5-9F4A-4302-B40C-9534964E8987}.Debug|Any CPU.Build.0 = Debug|Any CPU
		{3A3976B5-9F4A-4302-B40C-9534964E8987}.Release|Any CPU.ActiveCfg = Release|Any CPU
		{3A3976B5-9F4A-4302-B40C-9534964E8987}.Release|Any CPU.Build.0 = Release|Any CPU
		{A4D1EB5A-6270-4BE5-96DD-131EBDABBAB3}.Debug|Any CPU.ActiveCfg = Debug|Any CPU
		{A4D1EB5A-6270-4BE5-96DD-131EBDABBAB3}.Debug|Any CPU.Build.0 = Debug|Any CPU
		{A4D1EB5A-6270-4BE5-96DD-131EBDABBAB3}.Release|Any CPU.ActiveCfg = Release|Any CPU
		{A4D1EB5A-6270-4BE5-96DD-131EBDABBAB3}.Release|Any CPU.Build.0 = Release|Any CPU
		{67E4C71A-FBF1-45FF-872E-4FE0734C82C5}.Debug|Any CPU.ActiveCfg = Debug|Any CPU
		{67E4C71A-FBF1-45FF-872E-4FE0734C82C5}.Debug|Any CPU.Build.0 = Debug|Any CPU
		{67E4C71A-FBF1-45FF-872E-4FE0734C82C5}.Release|Any CPU.ActiveCfg = Release|Any CPU
		{67E4C71A-FBF1-45FF-872E-4FE0734C82C5}.Release|Any CPU.Build.0 = Release|Any CPU
		{9CF277C1-DB5A-4C40-A358-2405BA7D65CA}.Debug|Any CPU.ActiveCfg = Debug|Any CPU
		{9CF277C1-DB5A-4C40-A358-2405BA7D65CA}.Debug|Any CPU.Build.0 = Debug|Any CPU
		{9CF277C1-DB5A-4C40-A358-2405BA7D65CA}.Release|Any CPU.ActiveCfg = Release|Any CPU
		{9CF277C1-DB5A-4C40-A358-2405BA7D65CA}.Release|Any CPU.Build.0 = Release|Any CPU
		{813B97A6-6FB5-44BC-BB90-DEF1916563F7}.Debug|Any CPU.ActiveCfg = Debug|Any CPU
		{813B97A6-6FB5-44BC-BB90-DEF1916563F7}.Debug|Any CPU.Build.0 = Debug|Any CPU
		{813B97A6-6FB5-44BC-BB90-DEF1916563F7}.Release|Any CPU.ActiveCfg = Release|Any CPU
		{813B97A6-6FB5-44BC-BB90-DEF1916563F7}.Release|Any CPU.Build.0 = Release|Any CPU
	EndGlobalSection
	GlobalSection(SolutionProperties) = preSolution
		HideSolutionNode = FALSE
	EndGlobalSection
	GlobalSection(NestedProjects) = preSolution
		{CEC155A2-3889-4097-A0E4-A4693A2FE198} = {D2D6783F-78BE-41F5-BBF6-D8114AB84550}
		{63F507D8-1944-434C-8B37-A7C30743C2A1} = {D2D6783F-78BE-41F5-BBF6-D8114AB84550}
		{9D5CF806-7483-4556-A9A0-A5A44D5D108A} = {D2D6783F-78BE-41F5-BBF6-D8114AB84550}
		{970AAF95-2C56-4FCF-B849-EE4909E0FBF5} = {0B1AB16F-1821-4DF4-833F-394BB1386D94}
		{985AD13D-075A-4353-9F5A-6FC7E1A9484B} = {0B1AB16F-1821-4DF4-833F-394BB1386D94}
		{87857D63-0578-4047-9D32-D2EA61A3749B} = {0B1AB16F-1821-4DF4-833F-394BB1386D94}
		{76D482C3-8A73-4C13-AC4F-CAF841DE292D} = {49734C47-D47F-4234-8762-482743354610}
		{3A3976B5-9F4A-4302-B40C-9534964E8987} = {49734C47-D47F-4234-8762-482743354610}
		{A4D1EB5A-6270-4BE5-96DD-131EBDABBAB3} = {49734C47-D47F-4234-8762-482743354610}
		{67E4C71A-FBF1-45FF-872E-4FE0734C82C5} = {CD1BD934-192E-45C2-8CA3-7A622DD5CAD8}
		{9CF277C1-DB5A-4C40-A358-2405BA7D65CA} = {CD1BD934-192E-45C2-8CA3-7A622DD5CAD8}
		{813B97A6-6FB5-44BC-BB90-DEF1916563F7} = {CD1BD934-192E-45C2-8CA3-7A622DD5CAD8}
	EndGlobalSection
	GlobalSection(ExtensibilityGlobals) = postSolution
		SolutionGuid = {B5A9D162-44B9-466A-BBE8-5A895FCDE509}
	EndGlobalSection
EndGlobal
